
Microsoft Visual Studio Solution File, Format Version 12.00
# Visual Studio Version 17
VisualStudioVersion = 17.10.35122.118
MinimumVisualStudioVersion = 10.0.40219.1
Project("{FAE04EC0-301F-11D3-BF4B-00C04F79EFBC}") = "WebApplication1", "WebApplication1\WebApplication1.csproj", "{402A538A-11E0-48FE-B28C-65E224292085}"
EndProject
Global
	GlobalSection(SolutionConfigurationPlatforms) = preSolution
		Debug|Any CPU = Debug|Any CPU
		Release|Any CPU = Release|Any CPU
	EndGlobalSection
	GlobalSection(ProjectConfigurationPlatforms) = postSolution
		{402A538A-11E0-48FE-B28C-65E224292085}.Debug|Any CPU.ActiveCfg = Debug|Any CPU
		{402A538A-11E0-48FE-B28C-65E224292085}.Debug|Any CPU.Build.0 = Debug|Any CPU
		{402A538A-11E0-48FE-B28C-65E224292085}.Release|Any CPU.ActiveCfg = Release|Any CPU
		{402A538A-11E0-48FE-B28C-65E224292085}.Release|Any CPU.Build.0 = Release|Any CPU
	EndGlobalSection
	GlobalSection(SolutionProperties) = preSolution
		HideSolutionNode = FALSE
	EndGlobalSection
	GlobalSection(ExtensibilityGlobals) = postSolution
		SolutionGuid = {E6D45F2B-3F47-4E15-B3AE-282E236184E9}
	EndGlobalSection
EndGlobal
