
Microsoft Visual Studio Solution File, Format Version 12.00
# Visual Studio Version 17
VisualStudioVersion = 17.10.35122.118
MinimumVisualStudioVersion = 10.0.40219.1
Project("{FAE04EC0-301F-11D3-BF4B-00C04F79EFBC}") = "Test1", "Test1\Test1.csproj", "{ACBC26E6-483F-4F86-8661-E8A8A25FD544}"
EndProject
Global
	GlobalSection(SolutionConfigurationPlatforms) = preSolution
		Debug|Any CPU = Debug|Any CPU
		Release|Any CPU = Release|Any CPU
	EndGlobalSection
	GlobalSection(ProjectConfigurationPlatforms) = postSolution
		{ACBC26E6-483F-4F86-8661-E8A8A25FD544}.Debug|Any CPU.ActiveCfg = Debug|Any CPU
		{ACBC26E6-483F-4F86-8661-E8A8A25FD544}.Debug|Any CPU.Build.0 = Debug|Any CPU
		{ACBC26E6-483F-4F86-8661-E8A8A25FD544}.Release|Any CPU.ActiveCfg = Release|Any CPU
		{ACBC26E6-483F-4F86-8661-E8A8A25FD544}.Release|Any CPU.Build.0 = Release|Any CPU
	EndGlobalSection
	GlobalSection(SolutionProperties) = preSolution
		HideSolutionNode = FALSE
	EndGlobalSection
	GlobalSection(ExtensibilityGlobals) = postSolution
		SolutionGuid = {CC865717-35DC-44B9-A8DA-15D4BF7F48EA}
	EndGlobalSection
EndGlobal
